
Microsoft Visual Studio Solution File, Format Version 12.00
# Visual Studio Version 17
VisualStudioVersion = 17.9.34616.47
MinimumVisualStudioVersion = 10.0.40219.1
Project("{FAE04EC0-301F-11D3-BF4B-00C04F79EFBC}") = "DappPractica7", "DappPractica7\DappPractica7.csproj", "{5BD6FBC4-A2B1-4BC1-A0E2-8E3C7950D7C6}"
EndProject
Global
	GlobalSection(SolutionConfigurationPlatforms) = preSolution
		Debug|Any CPU = Debug|Any CPU
		Release|Any CPU = Release|Any CPU
	EndGlobalSection
	GlobalSection(ProjectConfigurationPlatforms) = postSolution
		{5BD6FBC4-A2B1-4BC1-A0E2-8E3C7950D7C6}.Debug|Any CPU.ActiveCfg = Debug|Any CPU
		{5BD6FBC4-A2B1-4BC1-A0E2-8E3C7950D7C6}.Debug|Any CPU.Build.0 = Debug|Any CPU
		{5BD6FBC4-A2B1-4BC1-A0E2-8E3C7950D7C6}.Release|Any CPU.ActiveCfg = Release|Any CPU
		{5BD6FBC4-A2B1-4BC1-A0E2-8E3C7950D7C6}.Release|Any CPU.Build.0 = Release|Any CPU
	EndGlobalSection
	GlobalSection(SolutionProperties) = preSolution
		HideSolutionNode = FALSE
	EndGlobalSection
	GlobalSection(ExtensibilityGlobals) = postSolution
		SolutionGuid = {6E225F94-7DCA-4A27-B1A6-C7ED431A1E4B}
	EndGlobalSection
EndGlobal
